
Microsoft Visual Studio Solution File, Format Version 12.00
# Visual Studio Version 16
VisualStudioVersion = 16.0.34729.46
MinimumVisualStudioVersion = 10.0.40219.1
Project("{FAE04EC0-301F-11D3-BF4B-00C04F79EFBC}") = "Academica", "Academica\Academica.csproj", "{A0B2755B-AEB2-4EAF-B913-77B82BC94702}"
EndProject
Global
	GlobalSection(SolutionConfigurationPlatforms) = preSolution
		Debug|Any CPU = Debug|Any CPU
		Release|Any CPU = Release|Any CPU
	EndGlobalSection
	GlobalSection(ProjectConfigurationPlatforms) = postSolution
		{A0B2755B-AEB2-4EAF-B913-77B82BC94702}.Debug|Any CPU.ActiveCfg = Debug|Any CPU
		{A0B2755B-AEB2-4EAF-B913-77B82BC94702}.Debug|Any CPU.Build.0 = Debug|Any CPU
		{A0B2755B-AEB2-4EAF-B913-77B82BC94702}.Release|Any CPU.ActiveCfg = Release|Any CPU
		{A0B2755B-AEB2-4EAF-B913-77B82BC94702}.Release|Any CPU.Build.0 = Release|Any CPU
	EndGlobalSection
	GlobalSection(SolutionProperties) = preSolution
		HideSolutionNode = FALSE
	EndGlobalSection
	GlobalSection(ExtensibilityGlobals) = postSolution
		SolutionGuid = {8646F4C3-F1C9-4B5D-B98C-2835A83AA918}
	EndGlobalSection
EndGlobal
